
Microsoft Visual Studio Solution File, Format Version 12.00
# Visual Studio 2012
Project("{FAE04EC0-301F-11D3-BF4B-00C04F79EFBC}") = "WinMVVM", "WinMVVM\WinMVVM.csproj", "{3E7AA416-1AD5-4171-AE81-EAED2FB7F13B}"
EndProject
Project("{FAE04EC0-301F-11D3-BF4B-00C04F79EFBC}") = "WinMVVM.Design", "WinMVVM.Design\WinMVVM.Design.csproj", "{C4EA8A36-89B9-42B3-9B61-A2F44A923C79}"
EndProject
Global
	GlobalSection(SolutionConfigurationPlatforms) = preSolution
		Debug|Any CPU = Debug|Any CPU
		DebugTest|Any CPU = DebugTest|Any CPU
		Release|Any CPU = Release|Any CPU
	EndGlobalSection
	GlobalSection(ProjectConfigurationPlatforms) = postSolution
		{3E7AA416-1AD5-4171-AE81-EAED2FB7F13B}.Debug|Any CPU.ActiveCfg = Debug|Any CPU
		{3E7AA416-1AD5-4171-AE81-EAED2FB7F13B}.Debug|Any CPU.Build.0 = Debug|Any CPU
		{3E7AA416-1AD5-4171-AE81-EAED2FB7F13B}.DebugTest|Any CPU.ActiveCfg = DebugTest|Any CPU
		{3E7AA416-1AD5-4171-AE81-EAED2FB7F13B}.DebugTest|Any CPU.Build.0 = DebugTest|Any CPU
		{3E7AA416-1AD5-4171-AE81-EAED2FB7F13B}.Release|Any CPU.ActiveCfg = Release|Any CPU
		{3E7AA416-1AD5-4171-AE81-EAED2FB7F13B}.Release|Any CPU.Build.0 = Release|Any CPU
		{C4EA8A36-89B9-42B3-9B61-A2F44A923C79}.Debug|Any CPU.ActiveCfg = Debug|Any CPU
		{C4EA8A36-89B9-42B3-9B61-A2F44A923C79}.Debug|Any CPU.Build.0 = Debug|Any CPU
		{C4EA8A36-89B9-42B3-9B61-A2F44A923C79}.DebugTest|Any CPU.ActiveCfg = Debug|Any CPU
		{C4EA8A36-89B9-42B3-9B61-A2F44A923C79}.DebugTest|Any CPU.Build.0 = Debug|Any CPU
		{C4EA8A36-89B9-42B3-9B61-A2F44A923C79}.Release|Any CPU.ActiveCfg = Release|Any CPU
		{C4EA8A36-89B9-42B3-9B61-A2F44A923C79}.Release|Any CPU.Build.0 = Release|Any CPU
	EndGlobalSection
	GlobalSection(SolutionProperties) = preSolution
		HideSolutionNode = FALSE
	EndGlobalSection
EndGlobal
