
Microsoft Visual Studio Solution File, Format Version 12.00
# Visual Studio 2012
Project("{FAE04EC0-301F-11D3-BF4B-00C04F79EFBC}") = "WinMVVM.Tutorial", "WinMVVM.Tutorial\WinMVVM.Tutorial.csproj", "{C50E52D7-6CEB-480F-9DA8-7958828939BC}"
EndProject
Project("{FAE04EC0-301F-11D3-BF4B-00C04F79EFBC}") = "WinMVVM.Sample.DevExpress", "WinMVVM.Sample.DevExpress\WinMVVM.Sample.DevExpress.csproj", "{BA4B003C-395D-474F-86F6-D90058E163B5}"
EndProject
Global
	GlobalSection(SolutionConfigurationPlatforms) = preSolution
		Debug|Any CPU = Debug|Any CPU
		DebugTest|Any CPU = DebugTest|Any CPU
		Release|Any CPU = Release|Any CPU
	EndGlobalSection
	GlobalSection(ProjectConfigurationPlatforms) = postSolution
		{C50E52D7-6CEB-480F-9DA8-7958828939BC}.Debug|Any CPU.ActiveCfg = Debug|Any CPU
		{C50E52D7-6CEB-480F-9DA8-7958828939BC}.Debug|Any CPU.Build.0 = Debug|Any CPU
		{C50E52D7-6CEB-480F-9DA8-7958828939BC}.DebugTest|Any CPU.ActiveCfg = Debug|Any CPU
		{C50E52D7-6CEB-480F-9DA8-7958828939BC}.DebugTest|Any CPU.Build.0 = Debug|Any CPU
		{C50E52D7-6CEB-480F-9DA8-7958828939BC}.Release|Any CPU.ActiveCfg = Release|Any CPU
		{C50E52D7-6CEB-480F-9DA8-7958828939BC}.Release|Any CPU.Build.0 = Release|Any CPU
		{BA4B003C-395D-474F-86F6-D90058E163B5}.Debug|Any CPU.ActiveCfg = Debug|Any CPU
		{BA4B003C-395D-474F-86F6-D90058E163B5}.Debug|Any CPU.Build.0 = Debug|Any CPU
		{BA4B003C-395D-474F-86F6-D90058E163B5}.DebugTest|Any CPU.ActiveCfg = Debug|Any CPU
		{BA4B003C-395D-474F-86F6-D90058E163B5}.DebugTest|Any CPU.Build.0 = Debug|Any CPU
		{BA4B003C-395D-474F-86F6-D90058E163B5}.Release|Any CPU.ActiveCfg = Release|Any CPU
		{BA4B003C-395D-474F-86F6-D90058E163B5}.Release|Any CPU.Build.0 = Release|Any CPU
	EndGlobalSection
	GlobalSection(SolutionProperties) = preSolution
		HideSolutionNode = FALSE
	EndGlobalSection
EndGlobal
